
Microsoft Visual Studio Solution File, Format Version 12.00
# Visual Studio Version 17
VisualStudioVersion = 17.4.33213.308
MinimumVisualStudioVersion = 10.0.40219.1
Project("{FAE04EC0-301F-11D3-BF4B-00C04F79EFBC}") = "StringCalculator", "StringCalculator\StringCalculator.csproj", "{8772D5B3-CBED-4485-B08A-7111A0CF228B}"
EndProject
Project("{FAE04EC0-301F-11D3-BF4B-00C04F79EFBC}") = "StringCalculatorTests", "StringCalculatorTests\StringCalculatorTests.csproj", "{FE523516-F7B2-4AAB-B584-E8B791842AF7}"
EndProject
Global
	GlobalSection(SolutionConfigurationPlatforms) = preSolution
		Debug|Any CPU = Debug|Any CPU
		Release|Any CPU = Release|Any CPU
	EndGlobalSection
	GlobalSection(ProjectConfigurationPlatforms) = postSolution
		{8772D5B3-CBED-4485-B08A-7111A0CF228B}.Debug|Any CPU.ActiveCfg = Debug|Any CPU
		{8772D5B3-CBED-4485-B08A-7111A0CF228B}.Debug|Any CPU.Build.0 = Debug|Any CPU
		{8772D5B3-CBED-4485-B08A-7111A0CF228B}.Release|Any CPU.ActiveCfg = Release|Any CPU
		{8772D5B3-CBED-4485-B08A-7111A0CF228B}.Release|Any CPU.Build.0 = Release|Any CPU
		{FE523516-F7B2-4AAB-B584-E8B791842AF7}.Debug|Any CPU.ActiveCfg = Debug|Any CPU
		{FE523516-F7B2-4AAB-B584-E8B791842AF7}.Debug|Any CPU.Build.0 = Debug|Any CPU
		{FE523516-F7B2-4AAB-B584-E8B791842AF7}.Release|Any CPU.ActiveCfg = Release|Any CPU
		{FE523516-F7B2-4AAB-B584-E8B791842AF7}.Release|Any CPU.Build.0 = Release|Any CPU
	EndGlobalSection
	GlobalSection(SolutionProperties) = preSolution
		HideSolutionNode = FALSE
	EndGlobalSection
	GlobalSection(ExtensibilityGlobals) = postSolution
		SolutionGuid = {4487D4E3-62F3-4196-B755-38D5F444AF4F}
	EndGlobalSection
EndGlobal
